<?xml version="1.0" encoding="utf-8"?>
<Project ToolsVersion="4.0" xmlns="http://schemas.microsoft.com/developer/msbuild/2003">
  <ItemGroup>
    <Filter Include="Game">
      <UniqueIdentifier>{1181a4a2-3b25-4738-ab33-4645cf46b422}</UniqueIdentifier>
    </Filter>
    <Filter Include="Framework">
      <UniqueIdentifier>{7a3b2516-2abb-486b-a253-9c18a1ead5bf}</UniqueIdentifier>
    </Filter>
  </ItemGroup>
  <ItemGroup>
    <ClCompile Include="main.c" />
    <ClCompile Include="Framework\Input.c">
      <Filter>Framework</Filter>
    </ClCompile>
    <ClCompile Include="Framework\Random.c">
      <Filter>Framework</Filter>
    </ClCompile>
    <ClCompile Include="Framework\Text.c">
      <Filter>Framework</Filter>
    </ClCompile>
    <ClCompile Include="Framework\App.c">
      <Filter>Framework</Filter>
    </ClCompile>
    <ClCompile Include="Framework\Renderer.c">
      <Filter>Framework</Filter>
    </ClCompile>
    <ClCompile Include="Framework\Timer.c">
      <Filter>Framework</Filter>
    </ClCompile>
    <ClCompile Include="Game\Player.c">
      <Filter>Game</Filter>
    </ClCompile>
    <ClCompile Include="Game\Scene.c">
      <Filter>Game</Filter>
    </ClCompile>
  </ItemGroup>
  <ItemGroup>
    <ClInclude Include="Type.h" />
    <ClInclude Include="App.h">
      <Filter>Framework</Filter>
    </ClInclude>
    <ClInclude Include="Framework\Renderer.h">
      <Filter>Framework</Filter>
    </ClInclude>
    <ClInclude Include="Common.h" />
    <ClInclude Include="Framework\Input.h">
      <Filter>Framework</Filter>
    </ClInclude>
    <ClInclude Include="Framework\Random.h">
      <Filter>Framework</Filter>
    </ClInclude>
    <ClInclude Include="Macro.h" />
    <ClInclude Include="Game\Player.h">
      <Filter>Game</Filter>
    </ClInclude>
    <ClInclude Include="Framework\Timer.h">
      <Filter>Framework</Filter>
    </ClInclude>
    <ClInclude Include="Game\Scene.h">
      <Filter>Game</Filter>
    </ClInclude>
    <ClInclude Include="Framework\Text.h">
      <Filter>Framework</Filter>
    </ClInclude>
  </ItemGroup>
</Project>